
Microsoft Visual Studio Solution File, Format Version 12.00
# Visual Studio Version 16
VisualStudioVersion = 16.0.30717.126
MinimumVisualStudioVersion = 10.0.40219.1
Project("{FAE04EC0-301F-11D3-BF4B-00C04F79EFBC}") = "WebAppToDeployOnAzure", "WebAppToDeployOnAzure\WebAppToDeployOnAzure.csproj", "{B8BBE879-8FD0-4429-9AA6-BF1136182D24}"
EndProject
Global
	GlobalSection(SolutionConfigurationPlatforms) = preSolution
		Debug|Any CPU = Debug|Any CPU
		Release|Any CPU = Release|Any CPU
	EndGlobalSection
	GlobalSection(ProjectConfigurationPlatforms) = postSolution
		{B8BBE879-8FD0-4429-9AA6-BF1136182D24}.Debug|Any CPU.ActiveCfg = Debug|Any CPU
		{B8BBE879-8FD0-4429-9AA6-BF1136182D24}.Debug|Any CPU.Build.0 = Debug|Any CPU
		{B8BBE879-8FD0-4429-9AA6-BF1136182D24}.Release|Any CPU.ActiveCfg = Release|Any CPU
		{B8BBE879-8FD0-4429-9AA6-BF1136182D24}.Release|Any CPU.Build.0 = Release|Any CPU
	EndGlobalSection
	GlobalSection(SolutionProperties) = preSolution
		HideSolutionNode = FALSE
	EndGlobalSection
	GlobalSection(ExtensibilityGlobals) = postSolution
		SolutionGuid = {C944D18C-1503-4781-8F52-8AA712083389}
	EndGlobalSection
EndGlobal
